
Microsoft Visual Studio Solution File, Format Version 12.00
# Visual Studio Version 17
VisualStudioVersion = 17.9.34607.119
MinimumVisualStudioVersion = 10.0.40219.1
Project("{FAE04EC0-301F-11D3-BF4B-00C04F79EFBC}") = "TCP-IP-Example", "TCP-IP-Example.csproj", "{C5C70F71-F925-45A5-87DE-372C3EE8B15A}"
EndProject
Global
	GlobalSection(SolutionConfigurationPlatforms) = preSolution
		Debug|Any CPU = Debug|Any CPU
		Release|Any CPU = Release|Any CPU
	EndGlobalSection
	GlobalSection(ProjectConfigurationPlatforms) = postSolution
		{C5C70F71-F925-45A5-87DE-372C3EE8B15A}.Debug|Any CPU.ActiveCfg = Debug|Any CPU
		{C5C70F71-F925-45A5-87DE-372C3EE8B15A}.Debug|Any CPU.Build.0 = Debug|Any CPU
		{C5C70F71-F925-45A5-87DE-372C3EE8B15A}.Release|Any CPU.ActiveCfg = Release|Any CPU
		{C5C70F71-F925-45A5-87DE-372C3EE8B15A}.Release|Any CPU.Build.0 = Release|Any CPU
	EndGlobalSection
	GlobalSection(SolutionProperties) = preSolution
		HideSolutionNode = FALSE
	EndGlobalSection
	GlobalSection(ExtensibilityGlobals) = postSolution
		SolutionGuid = {8F5C1FD3-1EBF-4472-B92B-42DC898E9265}
	EndGlobalSection
EndGlobal
